
Microsoft Visual Studio Solution File, Format Version 12.00
# Visual Studio 15
VisualStudioVersion = 15.0.28307.168
MinimumVisualStudioVersion = 10.0.40219.1
Project("{FAE04EC0-301F-11D3-BF4B-00C04F79EFBC}") = "EMCardEncoder.Console", "EMCardEncoder.Console\EMCardEncoder.Console.csproj", "{097F16C6-A655-4E75-99DC-D9683C943C20}"
EndProject
Project("{FAE04EC0-301F-11D3-BF4B-00C04F79EFBC}") = "EMCardEncoder", "EMCardEncoder\EMCardEncoder.csproj", "{A60C41D1-4CBF-4FE9-838F-F599C86AD528}"
EndProject
Project("{FAE04EC0-301F-11D3-BF4B-00C04F79EFBC}") = "EMCardEncoder.WinForms", "EMCardEncoder.WinForms\EMCardEncoder.WinForms.csproj", "{80B2E24C-C383-4B54-81FC-B65FC7DD21BF}"
EndProject
Global
	GlobalSection(SolutionConfigurationPlatforms) = preSolution
		Debug|Any CPU = Debug|Any CPU
		Release|Any CPU = Release|Any CPU
	EndGlobalSection
	GlobalSection(ProjectConfigurationPlatforms) = postSolution
		{097F16C6-A655-4E75-99DC-D9683C943C20}.Debug|Any CPU.ActiveCfg = Debug|Any CPU
		{097F16C6-A655-4E75-99DC-D9683C943C20}.Debug|Any CPU.Build.0 = Debug|Any CPU
		{097F16C6-A655-4E75-99DC-D9683C943C20}.Release|Any CPU.ActiveCfg = Release|Any CPU
		{097F16C6-A655-4E75-99DC-D9683C943C20}.Release|Any CPU.Build.0 = Release|Any CPU
		{A60C41D1-4CBF-4FE9-838F-F599C86AD528}.Debug|Any CPU.ActiveCfg = Debug|Any CPU
		{A60C41D1-4CBF-4FE9-838F-F599C86AD528}.Debug|Any CPU.Build.0 = Debug|Any CPU
		{A60C41D1-4CBF-4FE9-838F-F599C86AD528}.Release|Any CPU.ActiveCfg = Release|Any CPU
		{A60C41D1-4CBF-4FE9-838F-F599C86AD528}.Release|Any CPU.Build.0 = Release|Any CPU
		{80B2E24C-C383-4B54-81FC-B65FC7DD21BF}.Debug|Any CPU.ActiveCfg = Debug|Any CPU
		{80B2E24C-C383-4B54-81FC-B65FC7DD21BF}.Debug|Any CPU.Build.0 = Debug|Any CPU
		{80B2E24C-C383-4B54-81FC-B65FC7DD21BF}.Release|Any CPU.ActiveCfg = Release|Any CPU
		{80B2E24C-C383-4B54-81FC-B65FC7DD21BF}.Release|Any CPU.Build.0 = Release|Any CPU
	EndGlobalSection
	GlobalSection(SolutionProperties) = preSolution
		HideSolutionNode = FALSE
	EndGlobalSection
	GlobalSection(ExtensibilityGlobals) = postSolution
		SolutionGuid = {B15E940A-A34D-4DBB-B2AC-41445FC227ED}
	EndGlobalSection
EndGlobal
